
Microsoft Visual Studio Solution File, Format Version 12.00
# Visual Studio Version 17
VisualStudioVersion = 17.6.33723.286
MinimumVisualStudioVersion = 10.0.40219.1
Project("{FAE04EC0-301F-11D3-BF4B-00C04F79EFBC}") = "GitMergeTest", "GitMergeTest.csproj", "{9B89F758-05BF-4FE4-B4F3-55B75656C53E}"
EndProject
Global
	GlobalSection(SolutionConfigurationPlatforms) = preSolution
		Debug|Any CPU = Debug|Any CPU
		Release|Any CPU = Release|Any CPU
	EndGlobalSection
	GlobalSection(ProjectConfigurationPlatforms) = postSolution
		{9B89F758-05BF-4FE4-B4F3-55B75656C53E}.Debug|Any CPU.ActiveCfg = Debug|Any CPU
		{9B89F758-05BF-4FE4-B4F3-55B75656C53E}.Debug|Any CPU.Build.0 = Debug|Any CPU
		{9B89F758-05BF-4FE4-B4F3-55B75656C53E}.Release|Any CPU.ActiveCfg = Release|Any CPU
		{9B89F758-05BF-4FE4-B4F3-55B75656C53E}.Release|Any CPU.Build.0 = Release|Any CPU
	EndGlobalSection
	GlobalSection(SolutionProperties) = preSolution
		HideSolutionNode = FALSE
	EndGlobalSection
	GlobalSection(ExtensibilityGlobals) = postSolution
		SolutionGuid = {9973AD28-1F90-481D-94EB-1710516F50BD}
	EndGlobalSection
EndGlobal
